
Microsoft Visual Studio Solution File, Format Version 11.00
# Visual Studio 2010
Project("{FAE04EC0-301F-11D3-BF4B-00C04F79EFBC}") = "MSEKinectBootstrapper", "MSEKinectBootstrapper\MSEKinectBootstrapper.csproj", "{D9B8A8C1-02E7-4053-90A2-B78022E13B9D}"
EndProject
Project("{FAE04EC0-301F-11D3-BF4B-00C04F79EFBC}") = "MSEKinect", "MSEKinect\MSEKinect.csproj", "{880AD678-2C20-423E-B5B8-55AB3933B192}"
EndProject
Project("{FAE04EC0-301F-11D3-BF4B-00C04F79EFBC}") = "MSEKinectTests", "MSEKinectTests\MSEKinectTests.csproj", "{F9442BC1-AFFC-4699-9DAA-745D5D68A2B3}"
EndProject
Project("{2150E333-8FDC-42A3-9474-1A3956D46DE8}") = "Solution Items", "Solution Items", "{0E742EC9-8C96-4E7C-82BC-5ABBA7FA3837}"
	ProjectSection(SolutionItems) = preProject
		MSEAPI.vsmdi = MSEAPI.vsmdi
		TraceAndTestImpact.testsettings = TraceAndTestImpact.testsettings
	EndProjectSection
EndProject
Project("{FAE04EC0-301F-11D3-BF4B-00C04F79EFBC}") = "MSEGestureRecognizer", "MSEGestureRecognizer\MSEGestureRecognizer.csproj", "{A243FD29-4572-4351-8CC8-498488EF67C4}"
EndProject
Project("{FAE04EC0-301F-11D3-BF4B-00C04F79EFBC}") = "MSELocator", "MSELocator\MSELocator.csproj", "{6D59A7FD-6F0C-484F-A4F0-3B81DEA34024}"
EndProject
Project("{FAE04EC0-301F-11D3-BF4B-00C04F79EFBC}") = "RoomVisualizer", "RoomVisualizer\RoomVisualizer.csproj", "{2420CCCA-6BBD-43CF-91C3-4ECE54577530}"
EndProject
Project("{FAE04EC0-301F-11D3-BF4B-00C04F79EFBC}") = "MSELocatorTests", "MSELocatorTests\MSELocatorTests.csproj", "{D305F94B-C9AB-4F15-ADD0-93A912A073C7}"
EndProject
Project("{FAE04EC0-301F-11D3-BF4B-00C04F79EFBC}") = "IntAirAct", "IntAirActCS\IntAirAct\IntAirAct.csproj", "{8A1CECE0-6F76-40A8-AEDC-B3D241D8A962}"
EndProject
Project("{FAE04EC0-301F-11D3-BF4B-00C04F79EFBC}") = "ServiceDiscovery", "IntAirActCS\ServiceDiscovery\ServiceDiscovery.csproj", "{CD87E926-3CD6-4878-8EDE-9EB6600C75DF}"
EndProject
Project("{FAE04EC0-301F-11D3-BF4B-00C04F79EFBC}") = "ZeroconfService", "IntAirActCS\Frameworks\ZeroConfigNetServices\ZeroconfService\ZeroconfService.csproj", "{AD5CF7A9-93C4-48DD-ACD8-38DD434F1491}"
EndProject
Project("{FAE04EC0-301F-11D3-BF4B-00C04F79EFBC}") = "MSEAPI-SharedNetworking", "MSEAPI-CS-SharedNetworking\MSEAPI-SharedNetworking\MSEAPI-SharedNetworking.csproj", "{09505CBD-76EE-43EE-9390-BB90EFF36E45}"
EndProject
Project("{FAE04EC0-301F-11D3-BF4B-00C04F79EFBC}") = "Monads", "IntAirActCS\csharp-monads\Monads\Monads.csproj", "{10D4DA24-86C8-4A79-9205-7DD4FCCB3B73}"
Project("{FAE04EC0-301F-11D3-BF4B-00C04F79EFBC}") = "KinectServer", "KinectServer\KinectServer\KinectServer.csproj", "{07BE2682-45AA-470E-81F2-DBBC9B928B3A}"
EndProject
Project("{FAE04EC0-301F-11D3-BF4B-00C04F79EFBC}") = "GroupLab.iNetwork", "KinectServer\GroupLab.iNetwork\GroupLab.iNetwork.csproj", "{4A3D0309-0201-4521-987F-7BF3FCE2FBCF}"
EndProject
Global
	GlobalSection(TestCaseManagementSettings) = postSolution
		CategoryFile = MSEAPI.vsmdi
	EndGlobalSection
	GlobalSection(SolutionConfigurationPlatforms) = preSolution
		Debug|Any CPU = Debug|Any CPU
		Debug|Mixed Platforms = Debug|Mixed Platforms
		Debug|x86 = Debug|x86
		Release|Any CPU = Release|Any CPU
		Release|Mixed Platforms = Release|Mixed Platforms
		Release|x86 = Release|x86
	EndGlobalSection
	GlobalSection(ProjectConfigurationPlatforms) = postSolution
		{D9B8A8C1-02E7-4053-90A2-B78022E13B9D}.Debug|Any CPU.ActiveCfg = Debug|x86
		{D9B8A8C1-02E7-4053-90A2-B78022E13B9D}.Debug|Mixed Platforms.ActiveCfg = Debug|x86
		{D9B8A8C1-02E7-4053-90A2-B78022E13B9D}.Debug|Mixed Platforms.Build.0 = Debug|x86
		{D9B8A8C1-02E7-4053-90A2-B78022E13B9D}.Debug|x86.ActiveCfg = Debug|x86
		{D9B8A8C1-02E7-4053-90A2-B78022E13B9D}.Debug|x86.Build.0 = Debug|x86
		{D9B8A8C1-02E7-4053-90A2-B78022E13B9D}.Release|Any CPU.ActiveCfg = Release|x86
		{D9B8A8C1-02E7-4053-90A2-B78022E13B9D}.Release|Mixed Platforms.ActiveCfg = Release|x86
		{D9B8A8C1-02E7-4053-90A2-B78022E13B9D}.Release|Mixed Platforms.Build.0 = Release|x86
		{D9B8A8C1-02E7-4053-90A2-B78022E13B9D}.Release|x86.ActiveCfg = Release|x86
		{D9B8A8C1-02E7-4053-90A2-B78022E13B9D}.Release|x86.Build.0 = Release|x86
		{880AD678-2C20-423E-B5B8-55AB3933B192}.Debug|Any CPU.ActiveCfg = Debug|Any CPU
		{880AD678-2C20-423E-B5B8-55AB3933B192}.Debug|Any CPU.Build.0 = Debug|Any CPU
		{880AD678-2C20-423E-B5B8-55AB3933B192}.Debug|Mixed Platforms.ActiveCfg = Debug|Any CPU
		{880AD678-2C20-423E-B5B8-55AB3933B192}.Debug|Mixed Platforms.Build.0 = Debug|Any CPU
		{880AD678-2C20-423E-B5B8-55AB3933B192}.Debug|x86.ActiveCfg = Debug|Any CPU
		{880AD678-2C20-423E-B5B8-55AB3933B192}.Release|Any CPU.ActiveCfg = Release|Any CPU
		{880AD678-2C20-423E-B5B8-55AB3933B192}.Release|Any CPU.Build.0 = Release|Any CPU
		{880AD678-2C20-423E-B5B8-55AB3933B192}.Release|Mixed Platforms.ActiveCfg = Release|Any CPU
		{880AD678-2C20-423E-B5B8-55AB3933B192}.Release|Mixed Platforms.Build.0 = Release|Any CPU
		{880AD678-2C20-423E-B5B8-55AB3933B192}.Release|x86.ActiveCfg = Release|Any CPU
		{F9442BC1-AFFC-4699-9DAA-745D5D68A2B3}.Debug|Any CPU.ActiveCfg = Debug|Any CPU
		{F9442BC1-AFFC-4699-9DAA-745D5D68A2B3}.Debug|Any CPU.Build.0 = Debug|Any CPU
		{F9442BC1-AFFC-4699-9DAA-745D5D68A2B3}.Debug|Mixed Platforms.ActiveCfg = Debug|Any CPU
		{F9442BC1-AFFC-4699-9DAA-745D5D68A2B3}.Debug|Mixed Platforms.Build.0 = Debug|Any CPU
		{F9442BC1-AFFC-4699-9DAA-745D5D68A2B3}.Debug|x86.ActiveCfg = Debug|Any CPU
		{F9442BC1-AFFC-4699-9DAA-745D5D68A2B3}.Release|Any CPU.ActiveCfg = Release|Any CPU
		{F9442BC1-AFFC-4699-9DAA-745D5D68A2B3}.Release|Any CPU.Build.0 = Release|Any CPU
		{F9442BC1-AFFC-4699-9DAA-745D5D68A2B3}.Release|Mixed Platforms.ActiveCfg = Release|Any CPU
		{F9442BC1-AFFC-4699-9DAA-745D5D68A2B3}.Release|Mixed Platforms.Build.0 = Release|Any CPU
		{F9442BC1-AFFC-4699-9DAA-745D5D68A2B3}.Release|x86.ActiveCfg = Release|Any CPU
		{A243FD29-4572-4351-8CC8-498488EF67C4}.Debug|Any CPU.ActiveCfg = Debug|Any CPU
		{A243FD29-4572-4351-8CC8-498488EF67C4}.Debug|Any CPU.Build.0 = Debug|Any CPU
		{A243FD29-4572-4351-8CC8-498488EF67C4}.Debug|Mixed Platforms.ActiveCfg = Debug|Any CPU
		{A243FD29-4572-4351-8CC8-498488EF67C4}.Debug|Mixed Platforms.Build.0 = Debug|Any CPU
		{A243FD29-4572-4351-8CC8-498488EF67C4}.Debug|x86.ActiveCfg = Debug|Any CPU
		{A243FD29-4572-4351-8CC8-498488EF67C4}.Release|Any CPU.ActiveCfg = Release|Any CPU
		{A243FD29-4572-4351-8CC8-498488EF67C4}.Release|Any CPU.Build.0 = Release|Any CPU
		{A243FD29-4572-4351-8CC8-498488EF67C4}.Release|Mixed Platforms.ActiveCfg = Release|Any CPU
		{A243FD29-4572-4351-8CC8-498488EF67C4}.Release|Mixed Platforms.Build.0 = Release|Any CPU
		{A243FD29-4572-4351-8CC8-498488EF67C4}.Release|x86.ActiveCfg = Release|Any CPU
		{6D59A7FD-6F0C-484F-A4F0-3B81DEA34024}.Debug|Any CPU.ActiveCfg = Debug|Any CPU
		{6D59A7FD-6F0C-484F-A4F0-3B81DEA34024}.Debug|Any CPU.Build.0 = Debug|Any CPU
		{6D59A7FD-6F0C-484F-A4F0-3B81DEA34024}.Debug|Mixed Platforms.ActiveCfg = Debug|Any CPU
		{6D59A7FD-6F0C-484F-A4F0-3B81DEA34024}.Debug|Mixed Platforms.Build.0 = Debug|Any CPU
		{6D59A7FD-6F0C-484F-A4F0-3B81DEA34024}.Debug|x86.ActiveCfg = Debug|Any CPU
		{6D59A7FD-6F0C-484F-A4F0-3B81DEA34024}.Release|Any CPU.ActiveCfg = Release|Any CPU
		{6D59A7FD-6F0C-484F-A4F0-3B81DEA34024}.Release|Any CPU.Build.0 = Release|Any CPU
		{6D59A7FD-6F0C-484F-A4F0-3B81DEA34024}.Release|Mixed Platforms.ActiveCfg = Release|Any CPU
		{6D59A7FD-6F0C-484F-A4F0-3B81DEA34024}.Release|Mixed Platforms.Build.0 = Release|Any CPU
		{6D59A7FD-6F0C-484F-A4F0-3B81DEA34024}.Release|x86.ActiveCfg = Release|Any CPU
		{2420CCCA-6BBD-43CF-91C3-4ECE54577530}.Debug|Any CPU.ActiveCfg = Debug|x86
		{2420CCCA-6BBD-43CF-91C3-4ECE54577530}.Debug|Mixed Platforms.ActiveCfg = Debug|x86
		{2420CCCA-6BBD-43CF-91C3-4ECE54577530}.Debug|Mixed Platforms.Build.0 = Debug|x86
		{2420CCCA-6BBD-43CF-91C3-4ECE54577530}.Debug|x86.ActiveCfg = Debug|x86
		{2420CCCA-6BBD-43CF-91C3-4ECE54577530}.Debug|x86.Build.0 = Debug|x86
		{2420CCCA-6BBD-43CF-91C3-4ECE54577530}.Release|Any CPU.ActiveCfg = Release|x86
		{2420CCCA-6BBD-43CF-91C3-4ECE54577530}.Release|Mixed Platforms.ActiveCfg = Release|x86
		{2420CCCA-6BBD-43CF-91C3-4ECE54577530}.Release|Mixed Platforms.Build.0 = Release|x86
		{2420CCCA-6BBD-43CF-91C3-4ECE54577530}.Release|x86.ActiveCfg = Release|x86
		{2420CCCA-6BBD-43CF-91C3-4ECE54577530}.Release|x86.Build.0 = Release|x86
		{D305F94B-C9AB-4F15-ADD0-93A912A073C7}.Debug|Any CPU.ActiveCfg = Debug|Any CPU
		{D305F94B-C9AB-4F15-ADD0-93A912A073C7}.Debug|Any CPU.Build.0 = Debug|Any CPU
		{D305F94B-C9AB-4F15-ADD0-93A912A073C7}.Debug|Mixed Platforms.ActiveCfg = Debug|Any CPU
		{D305F94B-C9AB-4F15-ADD0-93A912A073C7}.Debug|Mixed Platforms.Build.0 = Debug|Any CPU
		{D305F94B-C9AB-4F15-ADD0-93A912A073C7}.Debug|x86.ActiveCfg = Debug|Any CPU
		{D305F94B-C9AB-4F15-ADD0-93A912A073C7}.Release|Any CPU.ActiveCfg = Release|Any CPU
		{D305F94B-C9AB-4F15-ADD0-93A912A073C7}.Release|Any CPU.Build.0 = Release|Any CPU
		{D305F94B-C9AB-4F15-ADD0-93A912A073C7}.Release|Mixed Platforms.ActiveCfg = Release|Any CPU
		{D305F94B-C9AB-4F15-ADD0-93A912A073C7}.Release|Mixed Platforms.Build.0 = Release|Any CPU
		{D305F94B-C9AB-4F15-ADD0-93A912A073C7}.Release|x86.ActiveCfg = Release|Any CPU
		{8A1CECE0-6F76-40A8-AEDC-B3D241D8A962}.Debug|Any CPU.ActiveCfg = Debug|Any CPU
		{8A1CECE0-6F76-40A8-AEDC-B3D241D8A962}.Debug|Any CPU.Build.0 = Debug|Any CPU
		{8A1CECE0-6F76-40A8-AEDC-B3D241D8A962}.Debug|Mixed Platforms.ActiveCfg = Debug|Any CPU
		{8A1CECE0-6F76-40A8-AEDC-B3D241D8A962}.Debug|Mixed Platforms.Build.0 = Debug|Any CPU
		{8A1CECE0-6F76-40A8-AEDC-B3D241D8A962}.Debug|x86.ActiveCfg = Debug|Any CPU
		{8A1CECE0-6F76-40A8-AEDC-B3D241D8A962}.Release|Any CPU.ActiveCfg = Release|Any CPU
		{8A1CECE0-6F76-40A8-AEDC-B3D241D8A962}.Release|Any CPU.Build.0 = Release|Any CPU
		{8A1CECE0-6F76-40A8-AEDC-B3D241D8A962}.Release|Mixed Platforms.ActiveCfg = Release|Any CPU
		{8A1CECE0-6F76-40A8-AEDC-B3D241D8A962}.Release|Mixed Platforms.Build.0 = Release|Any CPU
		{8A1CECE0-6F76-40A8-AEDC-B3D241D8A962}.Release|x86.ActiveCfg = Release|Any CPU
		{CD87E926-3CD6-4878-8EDE-9EB6600C75DF}.Debug|Any CPU.ActiveCfg = Debug|Any CPU
		{CD87E926-3CD6-4878-8EDE-9EB6600C75DF}.Debug|Any CPU.Build.0 = Debug|Any CPU
		{CD87E926-3CD6-4878-8EDE-9EB6600C75DF}.Debug|Mixed Platforms.ActiveCfg = Debug|Any CPU
		{CD87E926-3CD6-4878-8EDE-9EB6600C75DF}.Debug|Mixed Platforms.Build.0 = Debug|Any CPU
		{CD87E926-3CD6-4878-8EDE-9EB6600C75DF}.Debug|x86.ActiveCfg = Debug|Any CPU
		{CD87E926-3CD6-4878-8EDE-9EB6600C75DF}.Release|Any CPU.ActiveCfg = Release|Any CPU
		{CD87E926-3CD6-4878-8EDE-9EB6600C75DF}.Release|Any CPU.Build.0 = Release|Any CPU
		{CD87E926-3CD6-4878-8EDE-9EB6600C75DF}.Release|Mixed Platforms.ActiveCfg = Release|Any CPU
		{CD87E926-3CD6-4878-8EDE-9EB6600C75DF}.Release|Mixed Platforms.Build.0 = Release|Any CPU
		{CD87E926-3CD6-4878-8EDE-9EB6600C75DF}.Release|x86.ActiveCfg = Release|Any CPU
		{AD5CF7A9-93C4-48DD-ACD8-38DD434F1491}.Debug|Any CPU.ActiveCfg = Debug|Any CPU
		{AD5CF7A9-93C4-48DD-ACD8-38DD434F1491}.Debug|Any CPU.Build.0 = Debug|Any CPU
		{AD5CF7A9-93C4-48DD-ACD8-38DD434F1491}.Debug|Mixed Platforms.ActiveCfg = Debug|Any CPU
		{AD5CF7A9-93C4-48DD-ACD8-38DD434F1491}.Debug|Mixed Platforms.Build.0 = Debug|Any CPU
		{AD5CF7A9-93C4-48DD-ACD8-38DD434F1491}.Debug|x86.ActiveCfg = Debug|Any CPU
		{AD5CF7A9-93C4-48DD-ACD8-38DD434F1491}.Release|Any CPU.ActiveCfg = Release|Any CPU
		{AD5CF7A9-93C4-48DD-ACD8-38DD434F1491}.Release|Any CPU.Build.0 = Release|Any CPU
		{AD5CF7A9-93C4-48DD-ACD8-38DD434F1491}.Release|Mixed Platforms.ActiveCfg = Release|Any CPU
		{AD5CF7A9-93C4-48DD-ACD8-38DD434F1491}.Release|Mixed Platforms.Build.0 = Release|Any CPU
		{AD5CF7A9-93C4-48DD-ACD8-38DD434F1491}.Release|x86.ActiveCfg = Release|Any CPU
		{09505CBD-76EE-43EE-9390-BB90EFF36E45}.Debug|Any CPU.ActiveCfg = Debug|Any CPU
		{09505CBD-76EE-43EE-9390-BB90EFF36E45}.Debug|Any CPU.Build.0 = Debug|Any CPU
		{09505CBD-76EE-43EE-9390-BB90EFF36E45}.Debug|Mixed Platforms.ActiveCfg = Debug|Any CPU
		{09505CBD-76EE-43EE-9390-BB90EFF36E45}.Debug|Mixed Platforms.Build.0 = Debug|Any CPU
		{09505CBD-76EE-43EE-9390-BB90EFF36E45}.Debug|x86.ActiveCfg = Debug|Any CPU
		{09505CBD-76EE-43EE-9390-BB90EFF36E45}.Release|Any CPU.ActiveCfg = Release|Any CPU
		{09505CBD-76EE-43EE-9390-BB90EFF36E45}.Release|Any CPU.Build.0 = Release|Any CPU
		{09505CBD-76EE-43EE-9390-BB90EFF36E45}.Release|Mixed Platforms.ActiveCfg = Release|Any CPU
		{09505CBD-76EE-43EE-9390-BB90EFF36E45}.Release|Mixed Platforms.Build.0 = Release|Any CPU
		{09505CBD-76EE-43EE-9390-BB90EFF36E45}.Release|x86.ActiveCfg = Release|Any CPU
		{10D4DA24-86C8-4A79-9205-7DD4FCCB3B73}.Debug|Any CPU.ActiveCfg = Debug|Any CPU
		{10D4DA24-86C8-4A79-9205-7DD4FCCB3B73}.Debug|Any CPU.Build.0 = Debug|Any CPU
		{10D4DA24-86C8-4A79-9205-7DD4FCCB3B73}.Debug|Mixed Platforms.ActiveCfg = Debug|Any CPU
		{10D4DA24-86C8-4A79-9205-7DD4FCCB3B73}.Debug|Mixed Platforms.Build.0 = Debug|Any CPU
		{10D4DA24-86C8-4A79-9205-7DD4FCCB3B73}.Debug|x86.ActiveCfg = Debug|Any CPU
		{10D4DA24-86C8-4A79-9205-7DD4FCCB3B73}.Release|Any CPU.ActiveCfg = Release|Any CPU
		{10D4DA24-86C8-4A79-9205-7DD4FCCB3B73}.Release|Any CPU.Build.0 = Release|Any CPU
		{10D4DA24-86C8-4A79-9205-7DD4FCCB3B73}.Release|Mixed Platforms.ActiveCfg = Release|Any CPU
		{10D4DA24-86C8-4A79-9205-7DD4FCCB3B73}.Release|Mixed Platforms.Build.0 = Release|Any CPU
		{10D4DA24-86C8-4A79-9205-7DD4FCCB3B73}.Release|x86.ActiveCfg = Release|Any CPU
		{07BE2682-45AA-470E-81F2-DBBC9B928B3A}.Debug|Any CPU.ActiveCfg = Debug|x86
		{07BE2682-45AA-470E-81F2-DBBC9B928B3A}.Debug|Mixed Platforms.ActiveCfg = Debug|x86
		{07BE2682-45AA-470E-81F2-DBBC9B928B3A}.Debug|Mixed Platforms.Build.0 = Debug|x86
		{07BE2682-45AA-470E-81F2-DBBC9B928B3A}.Debug|x86.ActiveCfg = Debug|x86
		{07BE2682-45AA-470E-81F2-DBBC9B928B3A}.Debug|x86.Build.0 = Debug|x86
		{07BE2682-45AA-470E-81F2-DBBC9B928B3A}.Release|Any CPU.ActiveCfg = Release|x86
		{07BE2682-45AA-470E-81F2-DBBC9B928B3A}.Release|Mixed Platforms.ActiveCfg = Release|x86
		{07BE2682-45AA-470E-81F2-DBBC9B928B3A}.Release|Mixed Platforms.Build.0 = Release|x86
		{07BE2682-45AA-470E-81F2-DBBC9B928B3A}.Release|x86.ActiveCfg = Release|x86
		{07BE2682-45AA-470E-81F2-DBBC9B928B3A}.Release|x86.Build.0 = Release|x86
		{4A3D0309-0201-4521-987F-7BF3FCE2FBCF}.Debug|Any CPU.ActiveCfg = Debug|Any CPU
		{4A3D0309-0201-4521-987F-7BF3FCE2FBCF}.Debug|Any CPU.Build.0 = Debug|Any CPU
		{4A3D0309-0201-4521-987F-7BF3FCE2FBCF}.Debug|Mixed Platforms.ActiveCfg = Debug|Any CPU
		{4A3D0309-0201-4521-987F-7BF3FCE2FBCF}.Debug|Mixed Platforms.Build.0 = Debug|Any CPU
		{4A3D0309-0201-4521-987F-7BF3FCE2FBCF}.Debug|x86.ActiveCfg = Debug|Any CPU
		{4A3D0309-0201-4521-987F-7BF3FCE2FBCF}.Release|Any CPU.ActiveCfg = Release|Any CPU
		{4A3D0309-0201-4521-987F-7BF3FCE2FBCF}.Release|Any CPU.Build.0 = Release|Any CPU
		{4A3D0309-0201-4521-987F-7BF3FCE2FBCF}.Release|Mixed Platforms.ActiveCfg = Release|Any CPU
		{4A3D0309-0201-4521-987F-7BF3FCE2FBCF}.Release|Mixed Platforms.Build.0 = Release|Any CPU
		{4A3D0309-0201-4521-987F-7BF3FCE2FBCF}.Release|x86.ActiveCfg = Release|Any CPU
	EndGlobalSection
	GlobalSection(SolutionProperties) = preSolution
		HideSolutionNode = FALSE
	EndGlobalSection
EndGlobal
